
Microsoft Visual Studio Solution File, Format Version 12.00
# Visual Studio Version 16
VisualStudioVersion = 16.0.30621.155
MinimumVisualStudioVersion = 10.0.40219.1
Project("{FAE04EC0-301F-11D3-BF4B-00C04F79EFBC}") = "CourseProjectOS", "CourseProjectOS\CourseProjectOS.csproj", "{8C6DBA12-B939-4887-BA5C-FAC1CDC4B102}"
EndProject
Project("{54435603-DBB4-11D2-8724-00A0C9A8B90C}") = "AppSetup", "AppSetup\AppSetup.vdproj", "{6F5EC7D8-7525-4318-94AB-C63E04D10672}"
EndProject
Global
	GlobalSection(SolutionConfigurationPlatforms) = preSolution
		Debug|Any CPU = Debug|Any CPU
		Release|Any CPU = Release|Any CPU
	EndGlobalSection
	GlobalSection(ProjectConfigurationPlatforms) = postSolution
		{8C6DBA12-B939-4887-BA5C-FAC1CDC4B102}.Debug|Any CPU.ActiveCfg = Debug|Any CPU
		{8C6DBA12-B939-4887-BA5C-FAC1CDC4B102}.Debug|Any CPU.Build.0 = Debug|Any CPU
		{8C6DBA12-B939-4887-BA5C-FAC1CDC4B102}.Release|Any CPU.ActiveCfg = Release|Any CPU
		{8C6DBA12-B939-4887-BA5C-FAC1CDC4B102}.Release|Any CPU.Build.0 = Release|Any CPU
		{6F5EC7D8-7525-4318-94AB-C63E04D10672}.Debug|Any CPU.ActiveCfg = Debug
		{6F5EC7D8-7525-4318-94AB-C63E04D10672}.Release|Any CPU.ActiveCfg = Release
	EndGlobalSection
	GlobalSection(SolutionProperties) = preSolution
		HideSolutionNode = FALSE
	EndGlobalSection
	GlobalSection(ExtensibilityGlobals) = postSolution
		SolutionGuid = {FC7E8AAA-F525-4E58-9C38-915341A9C715}
	EndGlobalSection
EndGlobal
